
Microsoft Visual Studio Solution File, Format Version 12.00
# Visual Studio Version 16
VisualStudioVersion = 16.0.31402.337
MinimumVisualStudioVersion = 10.0.40219.1
Project("{FAE04EC0-301F-11D3-BF4B-00C04F79EFBC}") = "questao3", "questao3\questao3.csproj", "{6DA845D8-F19A-4495-81AF-A331F3F3C3B8}"
EndProject
Global
	GlobalSection(SolutionConfigurationPlatforms) = preSolution
		Debug|Any CPU = Debug|Any CPU
		Release|Any CPU = Release|Any CPU
	EndGlobalSection
	GlobalSection(ProjectConfigurationPlatforms) = postSolution
		{6DA845D8-F19A-4495-81AF-A331F3F3C3B8}.Debug|Any CPU.ActiveCfg = Debug|Any CPU
		{6DA845D8-F19A-4495-81AF-A331F3F3C3B8}.Debug|Any CPU.Build.0 = Debug|Any CPU
		{6DA845D8-F19A-4495-81AF-A331F3F3C3B8}.Release|Any CPU.ActiveCfg = Release|Any CPU
		{6DA845D8-F19A-4495-81AF-A331F3F3C3B8}.Release|Any CPU.Build.0 = Release|Any CPU
	EndGlobalSection
	GlobalSection(SolutionProperties) = preSolution
		HideSolutionNode = FALSE
	EndGlobalSection
	GlobalSection(ExtensibilityGlobals) = postSolution
		SolutionGuid = {A9AA27E3-DD8F-407B-B0D0-A42975BBDC55}
	EndGlobalSection
EndGlobal
